
Microsoft Visual Studio Solution File, Format Version 12.00
# Visual Studio 2012
Project("{FAE04EC0-301F-11D3-BF4B-00C04F79EFBC}") = "BAL", "BAL\BAL.csproj", "{89939831-AE55-46DE-9112-7E686050E8C6}"
EndProject
Project("{FAE04EC0-301F-11D3-BF4B-00C04F79EFBC}") = "UnitTestProject1", "UnitTestProject1\UnitTestProject1.csproj", "{3989B48B-084F-4654-95C0-33C72346EA52}"
EndProject
Global
	GlobalSection(SolutionConfigurationPlatforms) = preSolution
		Debug|Any CPU = Debug|Any CPU
		Release|Any CPU = Release|Any CPU
	EndGlobalSection
	GlobalSection(ProjectConfigurationPlatforms) = postSolution
		{89939831-AE55-46DE-9112-7E686050E8C6}.Debug|Any CPU.ActiveCfg = Debug|Any CPU
		{89939831-AE55-46DE-9112-7E686050E8C6}.Debug|Any CPU.Build.0 = Debug|Any CPU
		{89939831-AE55-46DE-9112-7E686050E8C6}.Release|Any CPU.ActiveCfg = Release|Any CPU
		{89939831-AE55-46DE-9112-7E686050E8C6}.Release|Any CPU.Build.0 = Release|Any CPU
		{3989B48B-084F-4654-95C0-33C72346EA52}.Debug|Any CPU.ActiveCfg = Debug|Any CPU
		{3989B48B-084F-4654-95C0-33C72346EA52}.Debug|Any CPU.Build.0 = Debug|Any CPU
		{3989B48B-084F-4654-95C0-33C72346EA52}.Release|Any CPU.ActiveCfg = Release|Any CPU
		{3989B48B-084F-4654-95C0-33C72346EA52}.Release|Any CPU.Build.0 = Release|Any CPU
	EndGlobalSection
	GlobalSection(SolutionProperties) = preSolution
		HideSolutionNode = FALSE
	EndGlobalSection
EndGlobal
